{
  "name": "slot-game",
  "version": "0.0.1",
  "lockfileVersion": 2,
  "requires": true,
  "packages": {
    "": {
      "name": "slot-game",
      "version": "0.0.1",
      "license": "MIT",
      "dependencies": {
        "gsap": "^3.7.0"
      },
      "devDependencies": {
        "@stencil/core": "^2.0.0",
        "@stencil/sass": "^1.4.1"
      }
    },
    "node_modules/@stencil/core": {
      "version": "2.6.0",
      "resolved": "https://registry.npmjs.org/@stencil/core/-/core-2.6.0.tgz",
      "integrity": "sha512-QsxWayZyusnqSZrlCl81R71rA3KqFjVVQSH4E0rGN15F1GdQaFonKlHLyCOLKLig1zzC+DQkLLiUuocexuvdeQ==",
      "dev": true,
      "bin": {
        "stencil": "bin/stencil"
      },
      "engines": {
        "node": ">=12.10.0",
        "npm": ">=6.0.0"
      }
    },
    "node_modules/@stencil/sass": {
      "version": "1.4.1",
      "resolved": "https://registry.npmjs.org/@stencil/sass/-/sass-1.4.1.tgz",
      "integrity": "sha512-aFKoqtxZ/8BRbvNFiWRycGiqvMI22Ifn5qsKfq0U23j43XD81jT6d7K0WQd55ejNpoSpdxJcbOuFgQy3mXizfA==",
      "dev": true,
      "peerDependencies": {
        "@stencil/core": ">=1.0.2"
      }
    },
    "node_modules/gsap": {
      "version": "3.7.0",
      "resolved": "https://registry.npmjs.org/gsap/-/gsap-3.7.0.tgz",
      "integrity": "sha512-8JI7pcFj0pgMzwqChARiHf7EIIZp1QrQBP74M2p2NpQLiAeIhQsrJWIRiwmA2JWkkNe0I2BiQF5ZhJvpyJVJDA=="
    }
  },
  "dependencies": {
    "@stencil/core": {
      "version": "2.6.0",
      "resolved": "https://registry.npmjs.org/@stencil/core/-/core-2.6.0.tgz",
      "integrity": "sha512-QsxWayZyusnqSZrlCl81R71rA3KqFjVVQSH4E0rGN15F1GdQaFonKlHLyCOLKLig1zzC+DQkLLiUuocexuvdeQ==",
      "dev": true
    },
    "@stencil/sass": {
      "version": "1.4.1",
      "resolved": "https://registry.npmjs.org/@stencil/sass/-/sass-1.4.1.tgz",
      "integrity": "sha512-aFKoqtxZ/8BRbvNFiWRycGiqvMI22Ifn5qsKfq0U23j43XD81jT6d7K0WQd55ejNpoSpdxJcbOuFgQy3mXizfA==",
      "dev": true,
      "requires": {}
    },
    "gsap": {
      "version": "3.7.0",
      "resolved": "https://registry.npmjs.org/gsap/-/gsap-3.7.0.tgz",
      "integrity": "sha512-8JI7pcFj0pgMzwqChARiHf7EIIZp1QrQBP74M2p2NpQLiAeIhQsrJWIRiwmA2JWkkNe0I2BiQF5ZhJvpyJVJDA=="
    }
  }
}
